// !$*UTF8*$!
{
	archiveVersion = 1;
	classes = {
	};
	objectVersion = 46;
	objects = {

/* Begin PBXBuildFile section */
		869EB6B11DB1DDC400CAD892 /* main.m in Sources */ = {isa = PBXBuildFile; fileRef = 869EB6B01DB1DDC400CAD892 /* main.m */; };
		869EB6B41DB1DDC400CAD892 /* AppDelegate.m in Sources */ = {isa = PBXBuildFile; fileRef = 869EB6B31DB1DDC400CAD892 /* AppDelegate.m */; };
		869EB6B71DB1DDC400CAD892 /* ViewController.m in Sources */ = {isa = PBXBuildFile; fileRef = 869EB6B61DB1DDC400CAD892 /* ViewController.m */; };
		869EB6BA1DB1DDC400CAD892 /* Main.storyboard in Resources */ = {isa = PBXBuildFile; fileRef = 869EB6B81DB1DDC400CAD892 /* Main.storyboard */; };
		869EB6BC1DB1DDC400CAD892 /* Assets.xcassets in Resources */ = {isa = PBXBuildFile; fileRef = 869EB6BB1DB1DDC400CAD892 /* Assets.xcassets */; };
		869EB6BF1DB1DDC400CAD892 /* LaunchScreen.storyboard in Resources */ = {isa = PBXBuildFile; fileRef = 869EB6BD1DB1DDC400CAD892 /* LaunchScreen.storyboard */; };
/* End PBXBuildFile section */

/* Begin PBXFileReference section */
		869EB6AC1DB1DDC300CAD892 /* Socket_Interactive.app */ = {isa = PBXFileReference; explicitFileType = wrapper.application; includeInIndex = 0; path = Socket_Interactive.app; sourceTree = BUILT_PRODUCTS_DIR; };
		869EB6B01DB1DDC400CAD892 /* main.m */ = {isa = PBXFileReference; lastKnownFileType = sourcecode.c.objc; path = main.m; sourceTree = "<group>"; };
		869EB6B21DB1DDC400CAD892 /* AppDelegate.h */ = {isa = PBXFileReference; lastKnownFileType = sourcecode.c.h; path = AppDelegate.h; sourceTree = "<group>"; };
		869EB6B31DB1DDC400CAD892 /* AppDelegate.m */ = {isa = PBXFileReference; lastKnownFileType = sourcecode.c.objc; path = AppDelegate.m; sourceTree = "<group>"; };
		869EB6B51DB1DDC400CAD892 /* ViewController.h */ = {isa = PBXFileReference; lastKnownFileType = sourcecode.c.h; path = ViewController.h; sourceTree = "<group>"; };
		869EB6B61DB1DDC400CAD892 /* ViewController.m */ = {isa = PBXFileReference; lastKnownFileType = sourcecode.c.objc; path = ViewController.m; sourceTree = "<group>"; };
		869EB6B91DB1DDC400CAD892 /* Base */ = {isa = PBXFileReference; lastKnownFileType = file.storyboard; name = Base; path = Base.lproj/Main.storyboard; sourceTree = "<group>"; };
		869EB6BB1DB1DDC400CAD892 /* Assets.xcassets */ = {isa = PBXFileReference; lastKnownFileType = folder.assetcatalog; path = Assets.xcassets; sourceTree = "<group>"; };
		869EB6BE1DB1DDC400CAD892 /* Base */ = {isa = PBXFileReference; lastKnownFileType = file.storyboard; name = Base; path = Base.lproj/LaunchScreen.storyboard; sourceTree = "<group>"; };
		869EB6C01DB1DDC400CAD892 /* Info.plist */ = {isa = PBXFileReference; lastKnownFileType = text.plist.xml; path = Info.plist; sourceTree = "<group>"; };
/* End PBXFileReference section */

/* Begin PBXFrameworksBuildPhase section */
		869EB6A91DB1DDC300CAD892 /* Frameworks */ = {
			isa = PBXFrameworksBuildPhase;
			buildActionMask = 2147483647;
			files = (
			);
			runOnlyForDeploymentPostprocessing = 0;
		};
/* End PBXFrameworksBuildPhase section */

/* Begin PBXGroup section */
		869EB6A31DB1DDC300CAD892 = {
			isa = PBXGroup;
			children = (
				869EB6AE1DB1DDC400CAD892 /* Socket_Interactive */,
				869EB6AD1DB1DDC400CAD892 /* Products */,
			);
			sourceTree = "<group>";
		};
		869EB6AD1DB1DDC400CAD892 /* Products */ = {
			isa = PBXGroup;
			children = (
				869EB6AC1DB1DDC300CAD892 /* Socket_Interactive.app */,
			);
			name = Products;
			sourceTree = "<group>";
		};
		869EB6AE1DB1DDC400CAD892 /* Socket_Interactive */ = {
			isa = PBXGroup;
			children = (
				869EB6B21DB1DDC400CAD892 /* AppDelegate.h */,
				869EB6B31DB1DDC400CAD892 /* AppDelegate.m */,
				869EB6B51DB1DDC400CAD892 /* ViewController.h */,
				869EB6B61DB1DDC400CAD892 /* ViewController.m */,
				869EB6B81DB1DDC400CAD892 /* Main.storyboard */,
				869EB6BB1DB1DDC400CAD892 /* Assets.xcassets */,
				869EB6BD1DB1DDC400CAD892 /* LaunchScreen.storyboard */,
				869EB6C01DB1DDC400CAD892 /* Info.plist */,
				869EB6AF1DB1DDC400CAD892 /* Supporting Files */,
			);
			path = Socket_Interactive;
			sourceTree = "<group>";
		};
		869EB6AF1DB1DDC400CAD892 /* Supporting Files */ = {
			isa = PBXGroup;
			children = (
				869EB6B01DB1DDC400CAD892 /* main.m */,
			);
			name = "Supporting Files";
			sourceTree = "<group>";
		};
/* End PBXGroup section */

/* Begin PBXNativeTarget section */
		869EB6AB1DB1DDC300CAD892 /* Socket_Interactive */ = {
			isa = PBXNativeTarget;
			buildConfigurationList = 869EB6C31DB1DDC400CAD892 /* Build configuration list for PBXNativeTarget "Socket_Interactive" */;
			buildPhases = (
				869EB6A81DB1DDC300CAD892 /* Sources */,
				869EB6A91DB1DDC300CAD892 /* Frameworks */,
				869EB6AA1DB1DDC300CAD892 /* Resources */,
			);
			buildRules = (
			);
			dependencies = (
			);
			name = Socket_Interactive;
			productName = Socket_Interactive;
			productReference = 869EB6AC1DB1DDC300CAD892 /* Socket_Interactive.app */;
			productType = "com.apple.product-type.application";
		};
/* End PBXNativeTarget section */

/* Begin PBXProject section */
		869EB6A41DB1DDC300CAD892 /* Project object */ = {
			isa = PBXProject;
			attributes = {
				LastUpgradeCheck = 0730;
				ORGANIZATIONNAME = HM;
				TargetAttributes = {
					869EB6AB1DB1DDC300CAD892 = {
						CreatedOnToolsVersion = 7.3.1;
					};
				};
			};
			buildConfigurationList = 869EB6A71DB1DDC300CAD892 /* Build configuration list for PBXProject "Socket_Interactive" */;
			compatibilityVersion = "Xcode 3.2";
			developmentRegion = English;
			hasScannedForEncodings = 0;
			knownRegions = (
				en,
				Base,
			);
			mainGroup = 869EB6A31DB1DDC300CAD892;
			productRefGroup = 869EB6AD1DB1DDC400CAD892 /* Products */;
			projectDirPath = "";
			projectRoot = "";
			targets = (
				869EB6AB1DB1DDC300CAD892 /* Socket_Interactive */,
			);
		};
/* End PBXProject section */

/* Begin PBXResourcesBuildPhase section */
		869EB6AA1DB1DDC300CAD892 /* Resources */ = {
			isa = PBXResourcesBuildPhase;
			buildActionMask = 2147483647;
			files = (
				869EB6BF1DB1DDC400CAD892 /* LaunchScreen.storyboard in Resources */,
				869EB6BC1DB1DDC400CAD892 /* Assets.xcassets in Resources */,
				869EB6BA1DB1DDC400CAD892 /* Main.storyboard in Resources */,
			);
			runOnlyForDeploymentPostprocessing = 0;
		};
/* End PBXResourcesBuildPhase section */

/* Begin PBXSourcesBuildPhase section */
		869EB6A81DB1DDC300CAD892 /* Sources */ = {
			isa = PBXSourcesBuildPhase;
			buildActionMask = 2147483647;
			files = (
				869EB6B71DB1DDC400CAD892 /* ViewController.m in Sources */,
				869EB6B41DB1DDC400CAD892 /* AppDelegate.m in Sources */,
				869EB6B11DB1DDC400CAD892 /* main.m in Sources */,
			);
			runOnlyForDeploymentPostprocessing = 0;
		};
/* End PBXSourcesBuildPhase section */

/* Begin PBXVariantGroup section */
		869EB6B81DB1DDC400CAD892 /* Main.storyboard */ = {
			isa = PBXVariantGroup;
			children = (
				869EB6B91DB1DDC400CAD892 /* Base */,
			);
			name = Main.storyboard;
			sourceTree = "<group>";
		};
		869EB6BD1DB1DDC400CAD892 /* LaunchScreen.storyboard */ = {
			isa = PBXVariantGroup;
			children = (
				869EB6BE1DB1DDC400CAD892 /* Base */,
			);
			name = LaunchScreen.storyboard;
			sourceTree = "<group>";
		};
/* End PBXVariantGroup section */

/* Begin XCBuildConfiguration section */
		869EB6C11DB1DDC400CAD892 /* Debug */ = {
			isa = XCBuildConfiguration;
			buildSettings = {
				ALWAYS_SEARCH_USER_PATHS = NO;
				CLANG_ANALYZER_NONNULL = YES;
				CLANG_CXX_LANGUAGE_STANDARD = "gnu++0x";
				CLANG_CXX_LIBRARY = "libc++";
				CLANG_ENABLE_MODULES = YES;
				CLANG_ENABLE_OBJC_ARC = YES;
				CLANG_WARN_BOOL_CONVERSION = YES;
				CLANG_WARN_CONSTANT_CONVERSION = YES;
				CLANG_WARN_DIRECT_OBJC_ISA_USAGE = YES_ERROR;
				CLANG_WARN_EMPTY_BODY = YES;
				CLANG_WARN_ENUM_CONVERSION = YES;
				CLANG_WARN_INT_CONVERSION = YES;
				CLANG_WARN_OBJC_ROOT_CLASS = YES_ERROR;
				CLANG_WARN_UNREACHABLE_CODE = YES;
				CLANG_WARN__DUPLICATE_METHOD_MATCH = YES;
				"CODE_SIGN_IDENTITY[sdk=iphoneos*]" = "iPhone Developer";
				COPY_PHASE_STRIP = NO;
				DEBUG_INFORMATION_FORMAT = dwarf;
				ENABLE_STRICT_OBJC_MSGSEND = YES;
				ENABLE_TESTABILITY = YES;
				GCC_C_LANGUAGE_STANDARD = gnu99;
				GCC_DYNAMIC_NO_PIC = NO;
				GCC_NO_COMMON_BLOCKS = YES;
				GCC_OPTIMIZATION_LEVEL = 0;
				GCC_PREPROCESSOR_DEFINITIONS = (
					"DEBUG=1",
					"$(inherited)",
				);
				GCC_WARN_64_TO_32_BIT_CONVERSION = YES;
				GCC_WARN_ABOUT_RETURN_TYPE = YES_ERROR;
				GCC_WARN_UNDECLARED_SELECTOR = YES;
				GCC_WARN_UNINITIALIZED_AUTOS = YES_AGGRESSIVE;
				GCC_WARN_UNUSED_FUNCTION = YES;
				GCC_WARN_UNUSED_VARIABLE = YES;
				IPHONEOS_DEPLOYMENT_TARGET = 9.3;
				MTL_ENABLE_DEBUG_INFO = YES;
				ONLY_ACTIVE_ARCH = YES;
				SDKROOT = iphoneos;
				TARGETED_DEVICE_FAMILY = "1,2";
			};
			name = Debug;
		};
		869EB6C21DB1DDC400CAD892 /* Release */ = {
			isa = XCBuildConfiguration;
			buildSettings = {
				ALWAYS_SEARCH_USER_PATHS = NO;
				CLANG_ANALYZER_NONNULL = YES;
				CLANG_CXX_LANGUAGE_STANDARD = "gnu++0x";
				CLANG_CXX_LIBRARY = "libc++";
				CLANG_ENABLE_MODULES = YES;
				CLANG_ENABLE_OBJC_ARC = YES;
				CLANG_WARN_BOOL_CONVERSION = YES;
				CLANG_WARN_CONSTANT_CONVERSION = YES;
				CLANG_WARN_DIRECT_OBJC_ISA_USAGE = YES_ERROR;
				CLANG_WARN_EMPTY_BODY = YES;
				CLANG_WARN_ENUM_CONVERSION = YES;
				CLANG_WARN_INT_CONVERSION = YES;
				CLANG_WARN_OBJC_ROOT_CLASS = YES_ERROR;
				CLANG_WARN_UNREACHABLE_CODE = YES;
				CLANG_WARN__DUPLICATE_METHOD_MATCH = YES;
				"CODE_SIGN_IDENTITY[sdk=iphoneos*]" = "iPhone Developer";
				COPY_PHASE_STRIP = NO;
				DEBUG_INFORMATION_FORMAT = "dwarf-with-dsym";
				ENABLE_NS_ASSERTIONS = NO;
				ENABLE_STRICT_OBJC_MSGSEND = YES;
				GCC_C_LANGUAGE_STANDARD = gnu99;
				GCC_NO_COMMON_BLOCKS = YES;
				GCC_WARN_64_TO_32_BIT_CONVERSION = YES;
				GCC_WARN_ABOUT_RETURN_TYPE = YES_ERROR;
				GCC_WARN_UNDECLARED_SELECTOR = YES;
				GCC_WARN_UNINITIALIZED_AUTOS = YES_AGGRESSIVE;
				GCC_WARN_UNUSED_FUNCTION = YES;
				GCC_WARN_UNUSED_VARIABLE = YES;
				IPHONEOS_DEPLOYMENT_TARGET = 9.3;
				MTL_ENABLE_DEBUG_INFO = NO;
				SDKROOT = iphoneos;
				TARGETED_DEVICE_FAMILY = "1,2";
				VALIDATE_PRODUCT = YES;
			};
			name = Release;
		};
		869EB6C41DB1DDC400CAD892 /* Debug */ = {
			isa = XCBuildConfiguration;
			buildSettings = {
				ASSETCATALOG_COMPILER_APPICON_NAME = AppIcon;
				INFOPLIST_FILE = Socket_Interactive/Info.plist;
				LD_RUNPATH_SEARCH_PATHS = "$(inherited) @executable_path/Frameworks";
				PRODUCT_BUNDLE_IDENTIFIER = "com.zh.Socket-Interactive";
				PRODUCT_NAME = "$(TARGET_NAME)";
			};
			name = Debug;
		};
		869EB6C51DB1DDC400CAD892 /* Release */ = {
			isa = XCBuildConfiguration;
			buildSettings = {
				ASSETCATALOG_COMPILER_APPICON_NAME = AppIcon;
				INFOPLIST_FILE = Socket_Interactive/Info.plist;
				LD_RUNPATH_SEARCH_PATHS = "$(inherited) @executable_path/Frameworks";
				PRODUCT_BUNDLE_IDENTIFIER = "com.zh.Socket-Interactive";
				PRODUCT_NAME = "$(TARGET_NAME)";
			};
			name = Release;
		};
/* End XCBuildConfiguration section */

/* Begin XCConfigurationList section */
		869EB6A71DB1DDC300CAD892 /* Build configuration list for PBXProject "Socket_Interactive" */ = {
			isa = XCConfigurationList;
			buildConfigurations = (
				869EB6C11DB1DDC400CAD892 /* Debug */,
				869EB6C21DB1DDC400CAD892 /* Release */,
			);
			defaultConfigurationIsVisible = 0;
			defaultConfigurationName = Release;
		};
		869EB6C31DB1DDC400CAD892 /* Build configuration list for PBXNativeTarget "Socket_Interactive" */ = {
			isa = XCConfigurationList;
			buildConfigurations = (
				869EB6C41DB1DDC400CAD892 /* Debug */,
				869EB6C51DB1DDC400CAD892 /* Release */,
			);
			defaultConfigurationIsVisible = 0;
		};
/* End XCConfigurationList section */
	};
	rootObject = 869EB6A41DB1DDC300CAD892 /* Project object */;
}
